
Microsoft Visual Studio Solution File, Format Version 12.00
# Visual Studio Version 17
VisualStudioVersion = 17.11.35312.102
MinimumVisualStudioVersion = 10.0.40219.1
Project("{9A19103F-16F7-4668-BE54-9A1E7A4F7556}") = "MessageHistoryClient", "MessageHistoryClient.csproj", "{8C49A4D4-403C-4970-81FB-59229C49D1D5}"
EndProject
Global
	GlobalSection(SolutionConfigurationPlatforms) = preSolution
		Debug|Any CPU = Debug|Any CPU
		Release|Any CPU = Release|Any CPU
	EndGlobalSection
	GlobalSection(ProjectConfigurationPlatforms) = postSolution
		{8C49A4D4-403C-4970-81FB-59229C49D1D5}.Debug|Any CPU.ActiveCfg = Debug|Any CPU
		{8C49A4D4-403C-4970-81FB-59229C49D1D5}.Debug|Any CPU.Build.0 = Debug|Any CPU
		{8C49A4D4-403C-4970-81FB-59229C49D1D5}.Release|Any CPU.ActiveCfg = Release|Any CPU
		{8C49A4D4-403C-4970-81FB-59229C49D1D5}.Release|Any CPU.Build.0 = Release|Any CPU
	EndGlobalSection
	GlobalSection(SolutionProperties) = preSolution
		HideSolutionNode = FALSE
	EndGlobalSection
	GlobalSection(ExtensibilityGlobals) = postSolution
		SolutionGuid = {25196811-ADA6-4FA9-8B3F-5547CF9C5354}
	EndGlobalSection
EndGlobal
