
Microsoft Visual Studio Solution File, Format Version 12.00
# Visual Studio Version 17
VisualStudioVersion = 17.11.35312.102
MinimumVisualStudioVersion = 10.0.40219.1
Project("{9A19103F-16F7-4668-BE54-9A1E7A4F7556}") = "MessageReceiverClient", "MessageReceiverClient.csproj", "{8249CD66-4AD1-40A0-B851-9E33B25D5316}"
EndProject
Global
	GlobalSection(SolutionConfigurationPlatforms) = preSolution
		Debug|Any CPU = Debug|Any CPU
		Release|Any CPU = Release|Any CPU
	EndGlobalSection
	GlobalSection(ProjectConfigurationPlatforms) = postSolution
		{8249CD66-4AD1-40A0-B851-9E33B25D5316}.Debug|Any CPU.ActiveCfg = Debug|Any CPU
		{8249CD66-4AD1-40A0-B851-9E33B25D5316}.Debug|Any CPU.Build.0 = Debug|Any CPU
		{8249CD66-4AD1-40A0-B851-9E33B25D5316}.Release|Any CPU.ActiveCfg = Release|Any CPU
		{8249CD66-4AD1-40A0-B851-9E33B25D5316}.Release|Any CPU.Build.0 = Release|Any CPU
	EndGlobalSection
	GlobalSection(SolutionProperties) = preSolution
		HideSolutionNode = FALSE
	EndGlobalSection
	GlobalSection(ExtensibilityGlobals) = postSolution
		SolutionGuid = {EDD98927-226B-4755-9353-5032758F62D0}
	EndGlobalSection
EndGlobal
