
Microsoft Visual Studio Solution File, Format Version 12.00
# Visual Studio Version 17
VisualStudioVersion = 17.11.35312.102
MinimumVisualStudioVersion = 10.0.40219.1
Project("{FAE04EC0-301F-11D3-BF4B-00C04F79EFBC}") = "MessageReceiverClient", "MessageReceiverClient.csproj", "{8BD90C51-A728-49AB-BC49-580CF3BAF642}"
EndProject
Global
	GlobalSection(SolutionConfigurationPlatforms) = preSolution
		Debug|Any CPU = Debug|Any CPU
		Release|Any CPU = Release|Any CPU
	EndGlobalSection
	GlobalSection(ProjectConfigurationPlatforms) = postSolution
		{8BD90C51-A728-49AB-BC49-580CF3BAF642}.Debug|Any CPU.ActiveCfg = Debug|Any CPU
		{8BD90C51-A728-49AB-BC49-580CF3BAF642}.Debug|Any CPU.Build.0 = Debug|Any CPU
		{8BD90C51-A728-49AB-BC49-580CF3BAF642}.Release|Any CPU.ActiveCfg = Release|Any CPU
		{8BD90C51-A728-49AB-BC49-580CF3BAF642}.Release|Any CPU.Build.0 = Release|Any CPU
	EndGlobalSection
	GlobalSection(SolutionProperties) = preSolution
		HideSolutionNode = FALSE
	EndGlobalSection
	GlobalSection(ExtensibilityGlobals) = postSolution
		SolutionGuid = {C1F3B4D0-748F-473E-B640-1A12733B0C6E}
	EndGlobalSection
EndGlobal
